GEM
  remote: https://rubygems.org/
  specs:
    actionpack (4.2.11.3)
      actionview (= 4.2.11.3)
      activesupport (= 4.2.11.3)
      rack (~> 1.6)
      rack-test (~> 0.6.2)
      rails-dom-testing (~> 1.0, >= 1.0.5)
      rails-html-sanitizer (~> 1.0, >= 1.0.2)
    actionview (4.2.11.3)
      activesupport (= 4.2.11.3)
      builder (~> 3.1)
      erubis (~> 2.7.0)
      rails-dom-testing (~> 1.0, >= 1.0.5)
      rails-html-sanitizer (~> 1.0, >= 1.0.3)
    activesupport (4.2.11.3)
      i18n (~> 0.7)
      minitest (~> 5.1)
      thread_safe (~> 0.3, >= 0.3.4)
      tzinfo (~> 1.1)
    bcrypt (3.1.21)
    builder (3.3.0)
    concurrent-ruby (1.3.6)
    crass (1.0.6)
    devise (3.5.3)
      bcrypt (~> 3.0)
      orm_adapter (~> 0.1)
      railties (>= 3.2.6, < 5)
      responders
      thread_safe (~> 0.1)
      warden (~> 1.2.3)
    erubis (2.7.0)
    i18n (0.9.5)
      concurrent-ruby (~> 1.0)
    loofah (2.25.0)
      crass (~> 1.0.2)
      nokogiri (>= 1.12.0)
    minitest (5.27.0)
    nokogiri (1.19.0-aarch64-linux-gnu)
      racc (~> 1.4)
    nokogiri (1.19.0-aarch64-linux-musl)
      racc (~> 1.4)
    nokogiri (1.19.0-arm-linux-gnu)
      racc (~> 1.4)
    nokogiri (1.19.0-arm-linux-musl)
      racc (~> 1.4)
    nokogiri (1.19.0-arm64-darwin)
      racc (~> 1.4)
    nokogiri (1.19.0-x86_64-darwin)
      racc (~> 1.4)
    nokogiri (1.19.0-x86_64-linux-gnu)
      racc (~> 1.4)
    nokogiri (1.19.0-x86_64-linux-musl)
      racc (~> 1.4)
    orm_adapter (0.5.0)
    racc (1.8.1)
    rack (1.6.13)
    rack-test (0.6.3)
      rack (>= 1.0)
    rails-deprecated_sanitizer (1.0.4)
      activesupport (>= 4.2.0.alpha)
    rails-dom-testing (1.0.9)
      activesupport (>= 4.2.0, < 5.0)
      nokogiri (~> 1.6)
      rails-deprecated_sanitizer (>= 1.0.1)
    rails-html-sanitizer (1.6.2)
      loofah (~> 2.21)
      nokogiri (>= 1.15.7, != 1.16.7, != 1.16.6, != 1.16.5, != 1.16.4, != 1.16.3, != 1.16.2, != 1.16.1, != 1.16.0.rc1, != 1.16.0)
    railties (4.2.11.3)
      actionpack (= 4.2.11.3)
      activesupport (= 4.2.11.3)
      rake (>= 0.8.7)
      thor (>= 0.18.1, < 2.0)
    rake (13.3.1)
    responders (2.4.1)
      actionpack (>= 4.2.0, < 6.0)
      railties (>= 4.2.0, < 6.0)
    thor (1.5.0)
    thread_safe (0.3.6)
    tzinfo (1.2.11)
      thread_safe (~> 0.1)
    warden (1.2.7)
      rack (>= 1.0)

PLATFORMS
  aarch64-linux-gnu
  aarch64-linux-musl
  arm-linux-gnu
  arm-linux-musl
  arm64-darwin
  x86_64-darwin
  x86_64-linux-gnu
  x86_64-linux-musl

DEPENDENCIES
  devise (= 3.5.3)

CHECKSUMS
  actionpack (4.2.11.3) sha256=67e84b5fcde0b2d885987a444646fb4d741926fd565565a336e73c5153e7a5a4
  actionview (4.2.11.3) sha256=3be3f1ab60f518415da2fab994eac7d4ad869ea6b89762b7c1a9922e0756963e
  activesupport (4.2.11.3) sha256=515015c5b8c7b35af33f5911c14248b06438c25fda60905965ba8d3c2237e372
  bcrypt (3.1.21) sha256=5964613d750a42c7ee5dc61f7b9336fb6caca429ba4ac9f2011609946e4a2dcf
  builder (3.3.0) sha256=497918d2f9dca528fdca4b88d84e4ef4387256d984b8154e9d5d3fe5a9c8835f
  concurrent-ruby (1.3.6) sha256=6b56837e1e7e5292f9864f34b69c5a2cbc75c0cf5338f1ce9903d10fa762d5ab
  crass (1.0.6) sha256=dc516022a56e7b3b156099abc81b6d2b08ea1ed12676ac7a5657617f012bd45d
  devise (3.5.3) sha256=0d6e29ec4e7903f08455ba4a18f68f05150339139c698a17dffd264f20fcd575
  erubis (2.7.0) sha256=63653f5174a7997f6f1d6f465fbe1494dcc4bdab1fb8e635f6216989fb1148ba
  i18n (0.9.5) sha256=43a58b55056ef171cae9b35df8aa5dee22d3a782f8a9bdd0ec8e8d36cfdf180d
  loofah (2.25.0) sha256=df5ed7ac3bac6a4ec802df3877ee5cc86d027299f8952e6243b3dac446b060e6
  minitest (5.27.0) sha256=2d3b17f8a36fe7801c1adcffdbc38233b938eb0b4966e97a6739055a45fa77d5
  nokogiri (1.19.0-aarch64-linux-gnu) sha256=11a97ecc3c0e7e5edcf395720b10860ef493b768f6aa80c539573530bc933767
  nokogiri (1.19.0-aarch64-linux-musl) sha256=eb70507f5e01bc23dad9b8dbec2b36ad0e61d227b42d292835020ff754fb7ba9
  nokogiri (1.19.0-arm-linux-gnu) sha256=572a259026b2c8b7c161fdb6469fa2d0edd2b61cd599db4bbda93289abefbfe5
  nokogiri (1.19.0-arm-linux-musl) sha256=23ed90922f1a38aed555d3de4d058e90850c731c5b756d191b3dc8055948e73c
  nokogiri (1.19.0-arm64-darwin) sha256=0811dfd936d5f6dd3f6d32ef790568bf29b2b7bead9ba68866847b33c9cf5810
  nokogiri (1.19.0-x86_64-darwin) sha256=1dad56220b603a8edb9750cd95798bffa2b8dd9dd9aa47f664009ee5b43e3067
  nokogiri (1.19.0-x86_64-linux-gnu) sha256=f482b95c713d60031d48c44ce14562f8d2ce31e3a9e8dd0ccb131e9e5a68b58c
  nokogiri (1.19.0-x86_64-linux-musl) sha256=1c4ca6b381622420073ce6043443af1d321e8ed93cc18b08e2666e5bd02ffae4
  orm_adapter (0.5.0) sha256=aa5d0be5d540cbb46d3a93e88061f4ece6a25f6e97d6a47122beb84fe595e9b9
  racc (1.8.1) sha256=4a7f6929691dbec8b5209a0b373bc2614882b55fc5d2e447a21aaa691303d62f
  rack (1.6.13) sha256=207e60f917a7b47cb858a6e813500bc6042a958c2ca9eeb64631b19cde702173
  rack-test (0.6.3) sha256=ff60b122e2940e32e94a2e4a61bceb8d9c99a97c1817ecc47e535522b02cdd40
  rails-deprecated_sanitizer (1.0.4) sha256=a7beeb404cb9e104fe5fa61a1b19e8d0de86fda370be4666f882cb2bf15b44e0
  rails-dom-testing (1.0.9) sha256=a6070cf0763165be9521c6b86b3a46924d786b4a579c21ee867e01602f765a73
  rails-html-sanitizer (1.6.2) sha256=35fce2ca8242da8775c83b6ba9c1bcaad6751d9eb73c1abaa8403475ab89a560
  railties (4.2.11.3) sha256=f33ac1fc4e3dff3f35369caaf7ca21ace876637fabba9d05e512bfc06379c789
  rake (13.3.1) sha256=8c9e89d09f66a26a01264e7e3480ec0607f0c497a861ef16063604b1b08eb19c
  responders (2.4.1) sha256=15cf41657745c5e38b22d50acadb6ecbbcbfb72f2a761e4ddb6488c37c5c98a2
  thor (1.5.0) sha256=e3a9e55fe857e44859ce104a84675ab6e8cd59c650a49106a05f55f136425e73
  thread_safe (0.3.6) sha256=9ed7072821b51c57e8d6b7011a8e282e25aeea3a4065eab326e43f66f063b05a
  tzinfo (1.2.11) sha256=6501f6a12175ca0243118b83f7c7c2b7978aaec7a0980550a124d007ad6361b6
  warden (1.2.7) sha256=22e0a009a556f9deb8e4f51405e053607418e70c25d8b4f0e28cfa0ba931496d

BUNDLED WITH
  4.0.4
